{
    "hash": "1790d6792c8544b8d1c9efbf8f5fe2de",
    "packages": [
        {
            "package": "pimple/pimple",
            "version": "dev-master",
            "alias-pretty-version": "1.0.x-dev",
            "alias-version": "1.0.9999999.9999999-dev"
        },
        {
            "package": "pimple/pimple",
            "version": "dev-master",
            "source-reference": "db836b8cfadc0f39dacafa2bf311a1ab603600bb",
            "commit-date": "1343051648"
        },
        {
            "package": "silex/silex",
            "version": "dev-master",
            "alias-pretty-version": "1.0.x-dev",
            "alias-version": "1.0.9999999.9999999-dev"
        },
        {
            "package": "silex/silex",
            "version": "dev-master",
            "source-reference": "ad563dde113092aa603e2b399d10ea43aece8006",
            "commit-date": "1347084669"
        },
        {
            "package": "symfony/event-dispatcher",
            "version": "2.1.x-dev",
            "source-reference": "v2.1.0-RC2",
            "commit-date": "1345643321"
        },
        {
            "package": "symfony/filesystem",
            "version": "2.1.x-dev",
            "source-reference": "v2.1.0-RC2",
            "commit-date": "1345643321"
        },
        {
            "package": "symfony/http-foundation",
            "version": "2.1.x-dev",
            "source-reference": "v2.1.0",
            "commit-date": "1346761482"
        },
        {
            "package": "symfony/http-kernel",
            "version": "2.1.x-dev",
            "source-reference": "ec5cdb100c20537e9d806facd4d121c985658e8b",
            "commit-date": "1346926323"
        },
        {
            "package": "symfony/routing",
            "version": "2.1.x-dev",
            "source-reference": "v2.1.0",
            "commit-date": "1346859854"
        },
        {
            "package": "symfony/twig-bridge",
            "version": "2.1.x-dev",
            "source-reference": "v2.1.0",
            "commit-date": "1345643321"
        },
        {
            "package": "twig/twig",
            "version": "dev-master",
            "alias-pretty-version": "1.9.x-dev",
            "alias-version": "1.9.9999999.9999999-dev"
        },
        {
            "package": "twig/twig",
            "version": "dev-master",
            "source-reference": "68b8c4619c5bbe82bd345fe56070dec8c356610a",
            "commit-date": "1347025342"
        }
    ],
    "packages-dev": null,
    "aliases": [

    ],
    "minimum-stability": "dev",
    "stability-flags": [

    ]
}
